
Microsoft Visual Studio Solution File, Format Version 12.00
# Visual Studio 15
VisualStudioVersion = 15.0.28307.645
MinimumVisualStudioVersion = 10.0.40219.1
Project("{FAE04EC0-301F-11D3-BF4B-00C04F79EFBC}") = "Adapter_Students_Begin", "Adapter_Students_Begin\Adapter_Students_Begin.csproj", "{D02A05B2-81DB-4DCA-AEC1-BD0BEC289A58}"
EndProject
Project("{FAE04EC0-301F-11D3-BF4B-00C04F79EFBC}") = "Structural_DAL", "Structural_DAL\Structural_DAL.csproj", "{5B199A01-4ADC-4C54-B379-F283F1C0B83E}"
EndProject
Project("{FAE04EC0-301F-11D3-BF4B-00C04F79EFBC}") = "Structural_Models", "Structural_Models\Structural_Models.csproj", "{9B919A8B-68BA-496C-A859-16FD70BCE0A7}"
EndProject
Project("{2150E333-8FDC-42A3-9474-1A3956D46DE8}") = "Structural.Adapter", "Structural.Adapter", "{8EAA0F1D-0C05-4C15-B0EE-7CAD4923B5AC}"
EndProject
Project("{FAE04EC0-301F-11D3-BF4B-00C04F79EFBC}") = "Structural_BLL", "Structural_BLL\Structural_BLL.csproj", "{C2FE8F58-6A5E-47AF-9558-603CA276DDBD}"
EndProject
Project("{FAE04EC0-301F-11D3-BF4B-00C04F79EFBC}") = "Adapter_Students_End", "Adapter_Students_End\Adapter_Students_End.csproj", "{A7C4D1E7-6CC4-4E5E-AC5C-2AACA5656031}"
EndProject
Project("{2150E333-8FDC-42A3-9474-1A3956D46DE8}") = "Structural.Facade", "Structural.Facade", "{1C17C8AF-3100-46DC-808C-20F9F14B7A8C}"
EndProject
Project("{FAE04EC0-301F-11D3-BF4B-00C04F79EFBC}") = "Facade_University", "Facade_University\Facade_University.csproj", "{AD6A5AB6-DE82-454C-B1A8-B78A1F41D7B6}"
EndProject
Project("{FAE04EC0-301F-11D3-BF4B-00C04F79EFBC}") = "UniversityLibrary", "UniversityLibrary\UniversityLibrary.csproj", "{405CD3CE-EE65-40E1-A25F-37EA7B76AAEB}"
EndProject
Project("{2150E333-8FDC-42A3-9474-1A3956D46DE8}") = "Common", "Common", "{776DB336-FFFD-417A-B1B4-10173624D2DA}"
EndProject
Project("{FAE04EC0-301F-11D3-BF4B-00C04F79EFBC}") = "Adapter_Students_Demo", "Adapter_Students_Demo\Adapter_Students_Demo.csproj", "{6D8993DB-88FD-41CB-979D-1B06DF894DF1}"
EndProject
Project("{2150E333-8FDC-42A3-9474-1A3956D46DE8}") = "Structural.Bridge", "Structural.Bridge", "{72EE934C-0B54-4713-91B4-50AD54336866}"
EndProject
Project("{FAE04EC0-301F-11D3-BF4B-00C04F79EFBC}") = "Bridge_PersonFormatting_Begin", "Bridge_PersonFormatting_Begin\Bridge_PersonFormatting_Begin.csproj", "{DD0AE694-98DB-4A07-9073-A73CD761D5FA}"
EndProject
Project("{FAE04EC0-301F-11D3-BF4B-00C04F79EFBC}") = "Bridge_PersonFormatting_End", "Bridge_PersonFormatting_End\Bridge_PersonFormatting_End.csproj", "{87990B9D-A944-47F0-91F8-D098DA301C58}"
EndProject
Project("{FAE04EC0-301F-11D3-BF4B-00C04F79EFBC}") = "Bridge_PersonFormatting_Demo", "Bridge_PersonFormatting_Demo\Bridge_PersonFormatting_Demo.csproj", "{1E205C9F-C6AB-4C15-BE70-5E7C06E7E94D}"
EndProject
Project("{2150E333-8FDC-42A3-9474-1A3956D46DE8}") = "Structural.Proxy", "Structural.Proxy", "{81B71439-98DF-413B-A4EF-2AE0D5B87129}"
EndProject
Project("{FAE04EC0-301F-11D3-BF4B-00C04F79EFBC}") = "Proxy_Weather_Begin", "Proxy_Weather_Begin\Proxy_Weather_Begin.csproj", "{9C4F72FD-9802-4BBB-B468-2BAF9ADEFB33}"
EndProject
Project("{FAE04EC0-301F-11D3-BF4B-00C04F79EFBC}") = "Proxy_Weather_End", "Proxy_Weather_End\Proxy_Weather_End.csproj", "{D1F7B17A-833C-48A7-AC5E-6D00A42ACA3C}"
EndProject
Project("{FAE04EC0-301F-11D3-BF4B-00C04F79EFBC}") = "Proxy_Weather_Demo", "Proxy_Weather_Demo\Proxy_Weather_Demo.csproj", "{C3DFEEEB-F8E5-4323-B577-BD67C4922611}"
EndProject
Project("{2150E333-8FDC-42A3-9474-1A3956D46DE8}") = "Structural.Composite", "Structural.Composite", "{2C606EC8-9BBE-4256-A8D7-3A7F48077FA7}"
EndProject
Project("{FAE04EC0-301F-11D3-BF4B-00C04F79EFBC}") = "Composite_Files_Begin", "Composite_Files_Begin\Composite_Files_Begin.csproj", "{6B7BEFB7-5602-4656-A9D8-D73026AD3CE5}"
EndProject
Project("{FAE04EC0-301F-11D3-BF4B-00C04F79EFBC}") = "Composite_Files_Demo", "Composite_Files_Demo\Composite_Files_Demo.csproj", "{5BB87A3A-4929-472D-BD94-D1C011BE0AFE}"
EndProject
Project("{FAE04EC0-301F-11D3-BF4B-00C04F79EFBC}") = "Composite_Files_End", "Composite_Files_End\Composite_Files_End.csproj", "{ADCCF436-FB30-4ECF-867A-8FDA0BCC3826}"
EndProject
Project("{2150E333-8FDC-42A3-9474-1A3956D46DE8}") = "Structural.Decorator", "Structural.Decorator", "{B891E6B5-BFE2-4A8E-A179-A6C51310B9FC}"
EndProject
Project("{FAE04EC0-301F-11D3-BF4B-00C04F79EFBC}") = "Decorator_Pizza_Begin", "Decorator_Pizza_Begin\Decorator_Pizza_Begin.csproj", "{5AE3B921-8A5F-494D-82A0-E5E3D0C3D0DC}"
EndProject
Project("{FAE04EC0-301F-11D3-BF4B-00C04F79EFBC}") = "Decorator_Pizza_Demo", "Decorator_Pizza_Demo\Decorator_Pizza_Demo.csproj", "{21EE1776-E744-482A-8F24-9ADC16B77EA1}"
EndProject
Project("{FAE04EC0-301F-11D3-BF4B-00C04F79EFBC}") = "Decorator_Pizza_End", "Decorator_Pizza_End\Decorator_Pizza_End.csproj", "{14627831-1B4E-4143-B9CE-DBC443DF1CBA}"
EndProject
Project("{2150E333-8FDC-42A3-9474-1A3956D46DE8}") = "Structural.Flyweight", "Structural.Flyweight", "{4406549C-9CE0-4E33-81C2-041C22922BA1}"
EndProject
Project("{FAE04EC0-301F-11D3-BF4B-00C04F79EFBC}") = "Flyweight_WallTiles_Begin", "Flyweight_WallTiles_Begin\Flyweight_WallTiles_Begin.csproj", "{0F7819AE-5A00-47B4-9CFB-D2BD30D0C1F5}"
EndProject
Project("{FAE04EC0-301F-11D3-BF4B-00C04F79EFBC}") = "Flyweight_WallTiles_End", "Flyweight_WallTiles_End\Flyweight_WallTiles_End.csproj", "{024CB283-666C-4ED1-8BC7-D5ECC4FC6E67}"
EndProject
Project("{FAE04EC0-301F-11D3-BF4B-00C04F79EFBC}") = "Flyweight_WallTiles_Demo", "Flyweight_WallTiles_Demo\Flyweight_WallTiles_Demo.csproj", "{410219A9-A1E7-44F3-9B6C-89722926962E}"
EndProject
Project("{FAE04EC0-301F-11D3-BF4B-00C04F79EFBC}") = "Flyweight_String", "Flyweight_String\Flyweight_String.csproj", "{1A5F3345-576C-482B-A9A2-B069F8A4C325}"
EndProject
Global
	GlobalSection(SolutionConfigurationPlatforms) = preSolution
		Debug|Any CPU = Debug|Any CPU
		Release|Any CPU = Release|Any CPU
	EndGlobalSection
	GlobalSection(ProjectConfigurationPlatforms) = postSolution
		{D02A05B2-81DB-4DCA-AEC1-BD0BEC289A58}.Debug|Any CPU.ActiveCfg = Debug|Any CPU
		{D02A05B2-81DB-4DCA-AEC1-BD0BEC289A58}.Debug|Any CPU.Build.0 = Debug|Any CPU
		{D02A05B2-81DB-4DCA-AEC1-BD0BEC289A58}.Release|Any CPU.ActiveCfg = Release|Any CPU
		{D02A05B2-81DB-4DCA-AEC1-BD0BEC289A58}.Release|Any CPU.Build.0 = Release|Any CPU
		{5B199A01-4ADC-4C54-B379-F283F1C0B83E}.Debug|Any CPU.ActiveCfg = Debug|Any CPU
		{5B199A01-4ADC-4C54-B379-F283F1C0B83E}.Debug|Any CPU.Build.0 = Debug|Any CPU
		{5B199A01-4ADC-4C54-B379-F283F1C0B83E}.Release|Any CPU.ActiveCfg = Release|Any CPU
		{5B199A01-4ADC-4C54-B379-F283F1C0B83E}.Release|Any CPU.Build.0 = Release|Any CPU
		{9B919A8B-68BA-496C-A859-16FD70BCE0A7}.Debug|Any CPU.ActiveCfg = Debug|Any CPU
		{9B919A8B-68BA-496C-A859-16FD70BCE0A7}.Debug|Any CPU.Build.0 = Debug|Any CPU
		{9B919A8B-68BA-496C-A859-16FD70BCE0A7}.Release|Any CPU.ActiveCfg = Release|Any CPU
		{9B919A8B-68BA-496C-A859-16FD70BCE0A7}.Release|Any CPU.Build.0 = Release|Any CPU
		{C2FE8F58-6A5E-47AF-9558-603CA276DDBD}.Debug|Any CPU.ActiveCfg = Debug|Any CPU
		{C2FE8F58-6A5E-47AF-9558-603CA276DDBD}.Debug|Any CPU.Build.0 = Debug|Any CPU
		{C2FE8F58-6A5E-47AF-9558-603CA276DDBD}.Release|Any CPU.ActiveCfg = Release|Any CPU
		{C2FE8F58-6A5E-47AF-9558-603CA276DDBD}.Release|Any CPU.Build.0 = Release|Any CPU
		{A7C4D1E7-6CC4-4E5E-AC5C-2AACA5656031}.Debug|Any CPU.ActiveCfg = Debug|Any CPU
		{A7C4D1E7-6CC4-4E5E-AC5C-2AACA5656031}.Debug|Any CPU.Build.0 = Debug|Any CPU
		{A7C4D1E7-6CC4-4E5E-AC5C-2AACA5656031}.Release|Any CPU.ActiveCfg = Release|Any CPU
		{A7C4D1E7-6CC4-4E5E-AC5C-2AACA5656031}.Release|Any CPU.Build.0 = Release|Any CPU
		{AD6A5AB6-DE82-454C-B1A8-B78A1F41D7B6}.Debug|Any CPU.ActiveCfg = Debug|Any CPU
		{AD6A5AB6-DE82-454C-B1A8-B78A1F41D7B6}.Debug|Any CPU.Build.0 = Debug|Any CPU
		{AD6A5AB6-DE82-454C-B1A8-B78A1F41D7B6}.Release|Any CPU.ActiveCfg = Release|Any CPU
		{AD6A5AB6-DE82-454C-B1A8-B78A1F41D7B6}.Release|Any CPU.Build.0 = Release|Any CPU
		{405CD3CE-EE65-40E1-A25F-37EA7B76AAEB}.Debug|Any CPU.ActiveCfg = Debug|Any CPU
		{405CD3CE-EE65-40E1-A25F-37EA7B76AAEB}.Debug|Any CPU.Build.0 = Debug|Any CPU
		{405CD3CE-EE65-40E1-A25F-37EA7B76AAEB}.Release|Any CPU.ActiveCfg = Release|Any CPU
		{405CD3CE-EE65-40E1-A25F-37EA7B76AAEB}.Release|Any CPU.Build.0 = Release|Any CPU
		{6D8993DB-88FD-41CB-979D-1B06DF894DF1}.Debug|Any CPU.ActiveCfg = Debug|Any CPU
		{6D8993DB-88FD-41CB-979D-1B06DF894DF1}.Debug|Any CPU.Build.0 = Debug|Any CPU
		{6D8993DB-88FD-41CB-979D-1B06DF894DF1}.Release|Any CPU.ActiveCfg = Release|Any CPU
		{6D8993DB-88FD-41CB-979D-1B06DF894DF1}.Release|Any CPU.Build.0 = Release|Any CPU
		{DD0AE694-98DB-4A07-9073-A73CD761D5FA}.Debug|Any CPU.ActiveCfg = Debug|Any CPU
		{DD0AE694-98DB-4A07-9073-A73CD761D5FA}.Debug|Any CPU.Build.0 = Debug|Any CPU
		{DD0AE694-98DB-4A07-9073-A73CD761D5FA}.Release|Any CPU.ActiveCfg = Release|Any CPU
		{DD0AE694-98DB-4A07-9073-A73CD761D5FA}.Release|Any CPU.Build.0 = Release|Any CPU
		{87990B9D-A944-47F0-91F8-D098DA301C58}.Debug|Any CPU.ActiveCfg = Debug|Any CPU
		{87990B9D-A944-47F0-91F8-D098DA301C58}.Debug|Any CPU.Build.0 = Debug|Any CPU
		{87990B9D-A944-47F0-91F8-D098DA301C58}.Release|Any CPU.ActiveCfg = Release|Any CPU
		{87990B9D-A944-47F0-91F8-D098DA301C58}.Release|Any CPU.Build.0 = Release|Any CPU
		{1E205C9F-C6AB-4C15-BE70-5E7C06E7E94D}.Debug|Any CPU.ActiveCfg = Debug|Any CPU
		{1E205C9F-C6AB-4C15-BE70-5E7C06E7E94D}.Debug|Any CPU.Build.0 = Debug|Any CPU
		{1E205C9F-C6AB-4C15-BE70-5E7C06E7E94D}.Release|Any CPU.ActiveCfg = Release|Any CPU
		{1E205C9F-C6AB-4C15-BE70-5E7C06E7E94D}.Release|Any CPU.Build.0 = Release|Any CPU
		{9C4F72FD-9802-4BBB-B468-2BAF9ADEFB33}.Debug|Any CPU.ActiveCfg = Debug|Any CPU
		{9C4F72FD-9802-4BBB-B468-2BAF9ADEFB33}.Debug|Any CPU.Build.0 = Debug|Any CPU
		{9C4F72FD-9802-4BBB-B468-2BAF9ADEFB33}.Release|Any CPU.ActiveCfg = Release|Any CPU
		{9C4F72FD-9802-4BBB-B468-2BAF9ADEFB33}.Release|Any CPU.Build.0 = Release|Any CPU
		{D1F7B17A-833C-48A7-AC5E-6D00A42ACA3C}.Debug|Any CPU.ActiveCfg = Debug|Any CPU
		{D1F7B17A-833C-48A7-AC5E-6D00A42ACA3C}.Debug|Any CPU.Build.0 = Debug|Any CPU
		{D1F7B17A-833C-48A7-AC5E-6D00A42ACA3C}.Release|Any CPU.ActiveCfg = Release|Any CPU
		{D1F7B17A-833C-48A7-AC5E-6D00A42ACA3C}.Release|Any CPU.Build.0 = Release|Any CPU
		{C3DFEEEB-F8E5-4323-B577-BD67C4922611}.Debug|Any CPU.ActiveCfg = Debug|Any CPU
		{C3DFEEEB-F8E5-4323-B577-BD67C4922611}.Debug|Any CPU.Build.0 = Debug|Any CPU
		{C3DFEEEB-F8E5-4323-B577-BD67C4922611}.Release|Any CPU.ActiveCfg = Release|Any CPU
		{C3DFEEEB-F8E5-4323-B577-BD67C4922611}.Release|Any CPU.Build.0 = Release|Any CPU
		{6B7BEFB7-5602-4656-A9D8-D73026AD3CE5}.Debug|Any CPU.ActiveCfg = Debug|Any CPU
		{6B7BEFB7-5602-4656-A9D8-D73026AD3CE5}.Debug|Any CPU.Build.0 = Debug|Any CPU
		{6B7BEFB7-5602-4656-A9D8-D73026AD3CE5}.Release|Any CPU.ActiveCfg = Release|Any CPU
		{6B7BEFB7-5602-4656-A9D8-D73026AD3CE5}.Release|Any CPU.Build.0 = Release|Any CPU
		{5BB87A3A-4929-472D-BD94-D1C011BE0AFE}.Debug|Any CPU.ActiveCfg = Debug|Any CPU
		{5BB87A3A-4929-472D-BD94-D1C011BE0AFE}.Debug|Any CPU.Build.0 = Debug|Any CPU
		{5BB87A3A-4929-472D-BD94-D1C011BE0AFE}.Release|Any CPU.ActiveCfg = Release|Any CPU
		{5BB87A3A-4929-472D-BD94-D1C011BE0AFE}.Release|Any CPU.Build.0 = Release|Any CPU
		{ADCCF436-FB30-4ECF-867A-8FDA0BCC3826}.Debug|Any CPU.ActiveCfg = Debug|Any CPU
		{ADCCF436-FB30-4ECF-867A-8FDA0BCC3826}.Debug|Any CPU.Build.0 = Debug|Any CPU
		{ADCCF436-FB30-4ECF-867A-8FDA0BCC3826}.Release|Any CPU.ActiveCfg = Release|Any CPU
		{ADCCF436-FB30-4ECF-867A-8FDA0BCC3826}.Release|Any CPU.Build.0 = Release|Any CPU
		{5AE3B921-8A5F-494D-82A0-E5E3D0C3D0DC}.Debug|Any CPU.ActiveCfg = Debug|Any CPU
		{5AE3B921-8A5F-494D-82A0-E5E3D0C3D0DC}.Debug|Any CPU.Build.0 = Debug|Any CPU
		{5AE3B921-8A5F-494D-82A0-E5E3D0C3D0DC}.Release|Any CPU.ActiveCfg = Release|Any CPU
		{5AE3B921-8A5F-494D-82A0-E5E3D0C3D0DC}.Release|Any CPU.Build.0 = Release|Any CPU
		{21EE1776-E744-482A-8F24-9ADC16B77EA1}.Debug|Any CPU.ActiveCfg = Debug|Any CPU
		{21EE1776-E744-482A-8F24-9ADC16B77EA1}.Debug|Any CPU.Build.0 = Debug|Any CPU
		{21EE1776-E744-482A-8F24-9ADC16B77EA1}.Release|Any CPU.ActiveCfg = Release|Any CPU
		{21EE1776-E744-482A-8F24-9ADC16B77EA1}.Release|Any CPU.Build.0 = Release|Any CPU
		{14627831-1B4E-4143-B9CE-DBC443DF1CBA}.Debug|Any CPU.ActiveCfg = Debug|Any CPU
		{14627831-1B4E-4143-B9CE-DBC443DF1CBA}.Debug|Any CPU.Build.0 = Debug|Any CPU
		{14627831-1B4E-4143-B9CE-DBC443DF1CBA}.Release|Any CPU.ActiveCfg = Release|Any CPU
		{14627831-1B4E-4143-B9CE-DBC443DF1CBA}.Release|Any CPU.Build.0 = Release|Any CPU
		{0F7819AE-5A00-47B4-9CFB-D2BD30D0C1F5}.Debug|Any CPU.ActiveCfg = Debug|Any CPU
		{0F7819AE-5A00-47B4-9CFB-D2BD30D0C1F5}.Debug|Any CPU.Build.0 = Debug|Any CPU
		{0F7819AE-5A00-47B4-9CFB-D2BD30D0C1F5}.Release|Any CPU.ActiveCfg = Release|Any CPU
		{0F7819AE-5A00-47B4-9CFB-D2BD30D0C1F5}.Release|Any CPU.Build.0 = Release|Any CPU
		{024CB283-666C-4ED1-8BC7-D5ECC4FC6E67}.Debug|Any CPU.ActiveCfg = Debug|Any CPU
		{024CB283-666C-4ED1-8BC7-D5ECC4FC6E67}.Debug|Any CPU.Build.0 = Debug|Any CPU
		{024CB283-666C-4ED1-8BC7-D5ECC4FC6E67}.Release|Any CPU.ActiveCfg = Release|Any CPU
		{024CB283-666C-4ED1-8BC7-D5ECC4FC6E67}.Release|Any CPU.Build.0 = Release|Any CPU
		{410219A9-A1E7-44F3-9B6C-89722926962E}.Debug|Any CPU.ActiveCfg = Debug|Any CPU
		{410219A9-A1E7-44F3-9B6C-89722926962E}.Debug|Any CPU.Build.0 = Debug|Any CPU
		{410219A9-A1E7-44F3-9B6C-89722926962E}.Release|Any CPU.ActiveCfg = Release|Any CPU
		{410219A9-A1E7-44F3-9B6C-89722926962E}.Release|Any CPU.Build.0 = Release|Any CPU
		{1A5F3345-576C-482B-A9A2-B069F8A4C325}.Debug|Any CPU.ActiveCfg = Debug|Any CPU
		{1A5F3345-576C-482B-A9A2-B069F8A4C325}.Debug|Any CPU.Build.0 = Debug|Any CPU
		{1A5F3345-576C-482B-A9A2-B069F8A4C325}.Release|Any CPU.ActiveCfg = Release|Any CPU
		{1A5F3345-576C-482B-A9A2-B069F8A4C325}.Release|Any CPU.Build.0 = Release|Any CPU
	EndGlobalSection
	GlobalSection(SolutionProperties) = preSolution
		HideSolutionNode = FALSE
	EndGlobalSection
	GlobalSection(NestedProjects) = preSolution
		{D02A05B2-81DB-4DCA-AEC1-BD0BEC289A58} = {8EAA0F1D-0C05-4C15-B0EE-7CAD4923B5AC}
		{5B199A01-4ADC-4C54-B379-F283F1C0B83E} = {776DB336-FFFD-417A-B1B4-10173624D2DA}
		{9B919A8B-68BA-496C-A859-16FD70BCE0A7} = {776DB336-FFFD-417A-B1B4-10173624D2DA}
		{C2FE8F58-6A5E-47AF-9558-603CA276DDBD} = {776DB336-FFFD-417A-B1B4-10173624D2DA}
		{A7C4D1E7-6CC4-4E5E-AC5C-2AACA5656031} = {8EAA0F1D-0C05-4C15-B0EE-7CAD4923B5AC}
		{AD6A5AB6-DE82-454C-B1A8-B78A1F41D7B6} = {1C17C8AF-3100-46DC-808C-20F9F14B7A8C}
		{405CD3CE-EE65-40E1-A25F-37EA7B76AAEB} = {1C17C8AF-3100-46DC-808C-20F9F14B7A8C}
		{6D8993DB-88FD-41CB-979D-1B06DF894DF1} = {8EAA0F1D-0C05-4C15-B0EE-7CAD4923B5AC}
		{DD0AE694-98DB-4A07-9073-A73CD761D5FA} = {72EE934C-0B54-4713-91B4-50AD54336866}
		{87990B9D-A944-47F0-91F8-D098DA301C58} = {72EE934C-0B54-4713-91B4-50AD54336866}
		{1E205C9F-C6AB-4C15-BE70-5E7C06E7E94D} = {72EE934C-0B54-4713-91B4-50AD54336866}
		{9C4F72FD-9802-4BBB-B468-2BAF9ADEFB33} = {81B71439-98DF-413B-A4EF-2AE0D5B87129}
		{D1F7B17A-833C-48A7-AC5E-6D00A42ACA3C} = {81B71439-98DF-413B-A4EF-2AE0D5B87129}
		{C3DFEEEB-F8E5-4323-B577-BD67C4922611} = {81B71439-98DF-413B-A4EF-2AE0D5B87129}
		{6B7BEFB7-5602-4656-A9D8-D73026AD3CE5} = {2C606EC8-9BBE-4256-A8D7-3A7F48077FA7}
		{5BB87A3A-4929-472D-BD94-D1C011BE0AFE} = {2C606EC8-9BBE-4256-A8D7-3A7F48077FA7}
		{ADCCF436-FB30-4ECF-867A-8FDA0BCC3826} = {2C606EC8-9BBE-4256-A8D7-3A7F48077FA7}
		{5AE3B921-8A5F-494D-82A0-E5E3D0C3D0DC} = {B891E6B5-BFE2-4A8E-A179-A6C51310B9FC}
		{21EE1776-E744-482A-8F24-9ADC16B77EA1} = {B891E6B5-BFE2-4A8E-A179-A6C51310B9FC}
		{14627831-1B4E-4143-B9CE-DBC443DF1CBA} = {B891E6B5-BFE2-4A8E-A179-A6C51310B9FC}
		{0F7819AE-5A00-47B4-9CFB-D2BD30D0C1F5} = {4406549C-9CE0-4E33-81C2-041C22922BA1}
		{024CB283-666C-4ED1-8BC7-D5ECC4FC6E67} = {4406549C-9CE0-4E33-81C2-041C22922BA1}
		{410219A9-A1E7-44F3-9B6C-89722926962E} = {4406549C-9CE0-4E33-81C2-041C22922BA1}
		{1A5F3345-576C-482B-A9A2-B069F8A4C325} = {4406549C-9CE0-4E33-81C2-041C22922BA1}
	EndGlobalSection
	GlobalSection(ExtensibilityGlobals) = postSolution
		SolutionGuid = {D173AD76-B9AE-471A-8230-43AC178EF601}
	EndGlobalSection
EndGlobal
